// !$*UTF8*$!
{
	archiveVersion = 1;
	classes = {
	};
	objectVersion = 77;
	objects = {

/* Begin PBXContainerItemProxy section */
		D6568A672F6D939A00168990 /* PBXContainerItemProxy */ = {
			isa = PBXContainerItemProxy;
			containerPortal = D6568A4F2F6D939800168990 /* Project object */;
			proxyType = 1;
			remoteGlobalIDString = D6568A562F6D939800168990;
			remoteInfo = Transcoda;
		};
		D6568A712F6D939A00168990 /* PBXContainerItemProxy */ = {
			isa = PBXContainerItemProxy;
			containerPortal = D6568A4F2F6D939800168990 /* Project object */;
			proxyType = 1;
			remoteGlobalIDString = D6568A562F6D939800168990;
			remoteInfo = Transcoda;
		};
/* End PBXContainerItemProxy section */

/* Begin PBXFileReference section */
		D6568A572F6D939800168990 /* Transcoda.app */ = {isa = PBXFileReference; explicitFileType = wrapper.application; includeInIndex = 0; path = Transcoda.app; sourceTree = BUILT_PRODUCTS_DIR; };
		D6568A662F6D939A00168990 /* TranscodaTests.xctest */ = {isa = PBXFileReference; explicitFileType = wrapper.cfbundle; includeInIndex = 0; path = TranscodaTests.xctest; sourceTree = BUILT_PRODUCTS_DIR; };
		D6568A702F6D939A00168990 /* TranscodaUITests.xctest */ = {isa = PBXFileReference; explicitFileType = wrapper.cfbundle; includeInIndex = 0; path = TranscodaUITests.xctest; sourceTree = BUILT_PRODUCTS_DIR; };
/* End PBXFileReference section */

/* Begin PBXFileSystemSynchronizedBuildFileExceptionSet section */
		D6568A942F6D946600168990 /* Exceptions for "Transcoda" folder in "Transcoda" target */ = {
			isa = PBXFileSystemSynchronizedBuildFileExceptionSet;
			membershipExceptions = (
				Info.plist,
			);
			target = D6568A562F6D939800168990 /* Transcoda */;
		};
/* End PBXFileSystemSynchronizedBuildFileExceptionSet section */

/* Begin PBXFileSystemSynchronizedRootGroup section */
		D6568A592F6D939800168990 /* Transcoda */ = {
			isa = PBXFileSystemSynchronizedRootGroup;
			exceptions = (
				D6568A942F6D946600168990 /* Exceptions for "Transcoda" folder in "Transcoda" target */,
			);
			path = Transcoda;
			sourceTree = "<group>";
		};
		D6568A692F6D939A00168990 /* TranscodaTests */ = {
			isa = PBXFileSystemSynchronizedRootGroup;
			path = TranscodaTests;
			sourceTree = "<group>";
		};
		D6568A732F6D939A00168990 /* TranscodaUITests */ = {
			isa = PBXFileSystemSynchronizedRootGroup;
			path = TranscodaUITests;
			sourceTree = "<group>";
		};
/* End PBXFileSystemSynchronizedRootGroup section */

/* Begin PBXFrameworksBuildPhase section */
		D6568A542F6D939800168990 /* Frameworks */ = {
			isa = PBXFrameworksBuildPhase;
			buildActionMask = 2147483647;
			files = (
			);
			runOnlyForDeploymentPostprocessing = 0;
		};
		D6568A632F6D939A00168990 /* Frameworks */ = {
			isa = PBXFrameworksBuildPhase;
			buildActionMask = 2147483647;
			files = (
			);
			runOnlyForDeploymentPostprocessing = 0;
		};
		D6568A6D2F6D939A00168990 /* Frameworks */ = {
			isa = PBXFrameworksBuildPhase;
			buildActionMask = 2147483647;
			files = (
			);
			runOnlyForDeploymentPostprocessing = 0;
		};
/* End PBXFrameworksBuildPhase section */

/* Begin PBXGroup section */
		D6568A4E2F6D939800168990 = {
			isa = PBXGroup;
			children = (
				D6568A592F6D939800168990 /* Transcoda */,
				D6568A692F6D939A00168990 /* TranscodaTests */,
				D6568A732F6D939A00168990 /* TranscodaUITests */,
				D6568A582F6D939800168990 /* Products */,
			);
			sourceTree = "<group>";
		};
		D6568A582F6D939800168990 /* Products */ = {
			isa = PBXGroup;
			children = (
				D6568A572F6D939800168990 /* Transcoda.app */,
				D6568A662F6D939A00168990 /* TranscodaTests.xctest */,
				D6568A702F6D939A00168990 /* TranscodaUITests.xctest */,
			);
			name = Products;
			sourceTree = "<group>";
		};
/* End PBXGroup section */

/* Begin PBXNativeTarget section */
		D6568A562F6D939800168990 /* Transcoda */ = {
			isa = PBXNativeTarget;
			buildConfigurationList = D6568A7A2F6D939A00168990 /* Build configuration list for PBXNativeTarget "Transcoda" */;
			buildPhases = (
				D6568A532F6D939800168990 /* Sources */,
				D6568A542F6D939800168990 /* Frameworks */,
				D6568A552F6D939800168990 /* Resources */,
			);
			buildRules = (
			);
			dependencies = (
			);
			fileSystemSynchronizedGroups = (
				D6568A592F6D939800168990 /* Transcoda */,
			);
			name = Transcoda;
			packageProductDependencies = (
			);
			productName = Transcoda;
			productReference = D6568A572F6D939800168990 /* Transcoda.app */;
			productType = "com.apple.product-type.application";
		};
		D6568A652F6D939A00168990 /* TranscodaTests */ = {
			isa = PBXNativeTarget;
			buildConfigurationList = D6568A7D2F6D939A00168990 /* Build configuration list for PBXNativeTarget "TranscodaTests" */;
			buildPhases = (
				D6568A622F6D939A00168990 /* Sources */,
				D6568A632F6D939A00168990 /* Frameworks */,
				D6568A642F6D939A00168990 /* Resources */,
			);
			buildRules = (
			);
			dependencies = (
				D6568A682F6D939A00168990 /* PBXTargetDependency */,
			);
			fileSystemSynchronizedGroups = (
				D6568A692F6D939A00168990 /* TranscodaTests */,
			);
			name = TranscodaTests;
			packageProductDependencies = (
			);
			productName = TranscodaTests;
			productReference = D6568A662F6D939A00168990 /* TranscodaTests.xctest */;
			productType = "com.apple.product-type.bundle.unit-test";
		};
		D6568A6F2F6D939A00168990 /* TranscodaUITests */ = {
			isa = PBXNativeTarget;
			buildConfigurationList = D6568A802F6D939A00168990 /* Build configuration list for PBXNativeTarget "TranscodaUITests" */;
			buildPhases = (
				D6568A6C2F6D939A00168990 /* Sources */,
				D6568A6D2F6D939A00168990 /* Frameworks */,
				D6568A6E2F6D939A00168990 /* Resources */,
			);
			buildRules = (
			);
			dependencies = (
				D6568A722F6D939A00168990 /* PBXTargetDependency */,
			);
			fileSystemSynchronizedGroups = (
				D6568A732F6D939A00168990 /* TranscodaUITests */,
			);
			name = TranscodaUITests;
			packageProductDependencies = (
			);
			productName = TranscodaUITests;
			productReference = D6568A702F6D939A00168990 /* TranscodaUITests.xctest */;
			productType = "com.apple.product-type.bundle.ui-testing";
		};
/* End PBXNativeTarget section */

/* Begin PBXProject section */
		D6568A4F2F6D939800168990 /* Project object */ = {
			isa = PBXProject;
			attributes = {
				BuildIndependentTargetsInParallel = 1;
				LastSwiftUpdateCheck = 2630;
				LastUpgradeCheck = 2630;
				TargetAttributes = {
					D6568A562F6D939800168990 = {
						CreatedOnToolsVersion = 26.3;
					};
					D6568A652F6D939A00168990 = {
						CreatedOnToolsVersion = 26.3;
						TestTargetID = D6568A562F6D939800168990;
					};
					D6568A6F2F6D939A00168990 = {
						CreatedOnToolsVersion = 26.3;
						TestTargetID = D6568A562F6D939800168990;
					};
				};
			};
			buildConfigurationList = D6568A522F6D939800168990 /* Build configuration list for PBXProject "Transcoda" */;
			developmentRegion = en;
			hasScannedForEncodings = 0;
			knownRegions = (
				en,
				Base,
			);
			mainGroup = D6568A4E2F6D939800168990;
			minimizedProjectReferenceProxies = 1;
			preferredProjectObjectVersion = 77;
			productRefGroup = D6568A582F6D939800168990 /* Products */;
			projectDirPath = "";
			projectRoot = "";
			targets = (
				D6568A562F6D939800168990 /* Transcoda */,
				D6568A652F6D939A00168990 /* TranscodaTests */,
				D6568A6F2F6D939A00168990 /* TranscodaUITests */,
			);
		};
/* End PBXProject section */

/* Begin PBXResourcesBuildPhase section */
		D6568A552F6D939800168990 /* Resources */ = {
			isa = PBXResourcesBuildPhase;
			buildActionMask = 2147483647;
			files = (
			);
			runOnlyForDeploymentPostprocessing = 0;
		};
		D6568A642F6D939A00168990 /* Resources */ = {
			isa = PBXResourcesBuildPhase;
			buildActionMask = 2147483647;
			files = (
			);
			runOnlyForDeploymentPostprocessing = 0;
		};
		D6568A6E2F6D939A00168990 /* Resources */ = {
			isa = PBXResourcesBuildPhase;
			buildActionMask = 2147483647;
			files = (
			);
			runOnlyForDeploymentPostprocessing = 0;
		};
/* End PBXResourcesBuildPhase section */

/* Begin PBXSourcesBuildPhase section */
		D6568A532F6D939800168990 /* Sources */ = {
			isa = PBXSourcesBuildPhase;
			buildActionMask = 2147483647;
			files = (
			);
			runOnlyForDeploymentPostprocessing = 0;
		};
		D6568A622F6D939A00168990 /* Sources */ = {
			isa = PBXSourcesBuildPhase;
			buildActionMask = 2147483647;
			files = (
			);
			runOnlyForDeploymentPostprocessing = 0;
		};
		D6568A6C2F6D939A00168990 /* Sources */ = {
			isa = PBXSourcesBuildPhase;
			buildActionMask = 2147483647;
			files = (
			);
			runOnlyForDeploymentPostprocessing = 0;
		};
/* End PBXSourcesBuildPhase section */

/* Begin PBXTargetDependency section */
		D6568A682F6D939A00168990 /* PBXTargetDependency */ = {
			isa = PBXTargetDependency;
			target = D6568A562F6D939800168990 /* Transcoda */;
			targetProxy = D6568A672F6D939A00168990 /* PBXContainerItemProxy */;
		};
		D6568A722F6D939A00168990 /* PBXTargetDependency */ = {
			isa = PBXTargetDependency;
			target = D6568A562F6D939800168990 /* Transcoda */;
			targetProxy = D6568A712F6D939A00168990 /* PBXContainerItemProxy */;
		};
/* End PBXTargetDependency section */

/* Begin XCBuildConfiguration section */
		D6568A782F6D939A00168990 /* Debug */ = {
			isa = XCBuildConfiguration;
			buildSettings = {
				ALWAYS_SEARCH_USER_PATHS = NO;
				ASSETCATALOG_COMPILER_GENERATE_SWIFT_ASSET_SYMBOL_EXTENSIONS = YES;
				CLANG_ANALYZER_NONNULL = YES;
				CLANG_ANALYZER_NUMBER_OBJECT_CONVERSION = YES_AGGRESSIVE;
				CLANG_CXX_LANGUAGE_STANDARD = "gnu++20";
				CLANG_ENABLE_MODULES = YES;
				CLANG_ENABLE_OBJC_ARC = YES;
				CLANG_ENABLE_OBJC_WEAK = YES;
				CLANG_WARN_BLOCK_CAPTURE_AUTORELEASING = YES;
				CLANG_WARN_BOOL_CONVERSION = YES;
				CLANG_WARN_COMMA = YES;
				CLANG_WARN_CONSTANT_CONVERSION = YES;
				CLANG_WARN_DEPRECATED_OBJC_IMPLEMENTATIONS = YES;
				CLANG_WARN_DIRECT_OBJC_ISA_USAGE = YES_ERROR;
				CLANG_WARN_DOCUMENTATION_COMMENTS = YES;
				CLANG_WARN_EMPTY_BODY = YES;
				CLANG_WARN_ENUM_CONVERSION = YES;
				CLANG_WARN_INFINITE_RECURSION = YES;
				CLANG_WARN_INT_CONVERSION = YES;
				CLANG_WARN_NON_LITERAL_NULL_CONVERSION = YES;
				CLANG_WARN_OBJC_IMPLICIT_RETAIN_SELF = YES;
				CLANG_WARN_OBJC_LITERAL_CONVERSION = YES;
				CLANG_WARN_OBJC_ROOT_CLASS = YES_ERROR;
				CLANG_WARN_QUOTED_INCLUDE_IN_FRAMEWORK_HEADER = YES;
				CLANG_WARN_RANGE_LOOP_ANALYSIS = YES;
				CLANG_WARN_STRICT_PROTOTYPES = YES;
				CLANG_WARN_SUSPICIOUS_MOVE = YES;
				CLANG_WARN_UNGUARDED_AVAILABILITY = YES_AGGRESSIVE;
				CLANG_WARN_UNREACHABLE_CODE = YES;
				CLANG_WARN__DUPLICATE_METHOD_MATCH = YES;
				COPY_PHASE_STRIP = NO;
				DEBUG_INFORMATION_FORMAT = dwarf;
				DEVELOPMENT_TEAM = UAGN3QDR9L;
				ENABLE_STRICT_OBJC_MSGSEND = YES;
				ENABLE_TESTABILITY = YES;
				ENABLE_USER_SCRIPT_SANDBOXING = YES;
				GCC_C_LANGUAGE_STANDARD = gnu17;
				GCC_DYNAMIC_NO_PIC = NO;
				GCC_NO_COMMON_BLOCKS = YES;
				GCC_OPTIMIZATION_LEVEL = 0;
				GCC_PREPROCESSOR_DEFINITIONS = (
					"DEBUG=1",
					"$(inherited)",
				);
				GCC_WARN_64_TO_32_BIT_CONVERSION = YES;
				GCC_WARN_ABOUT_RETURN_TYPE = YES_ERROR;
				GCC_WARN_UNDECLARED_SELECTOR = YES;
				GCC_WARN_UNINITIALIZED_AUTOS = YES_AGGRESSIVE;
				GCC_WARN_UNUSED_FUNCTION = YES;
				GCC_WARN_UNUSED_VARIABLE = YES;
				LOCALIZATION_PREFERS_STRING_CATALOGS = YES;
				MACOSX_DEPLOYMENT_TARGET = 14.0;
				MTL_ENABLE_DEBUG_INFO = INCLUDE_SOURCE;
				MTL_FAST_MATH = YES;
				ONLY_ACTIVE_ARCH = YES;
				SDKROOT = macosx;
				SWIFT_ACTIVE_COMPILATION_CONDITIONS = "DEBUG $(inherited)";
				SWIFT_OPTIMIZATION_LEVEL = "-Onone";
			};
			name = Debug;
		};
		D6568A792F6D939A00168990 /* Release */ = {
			isa = XCBuildConfiguration;
			buildSettings = {
				ALWAYS_SEARCH_USER_PATHS = NO;
				ASSETCATALOG_COMPILER_GENERATE_SWIFT_ASSET_SYMBOL_EXTENSIONS = YES;
				CLANG_ANALYZER_NONNULL = YES;
				CLANG_ANALYZER_NUMBER_OBJECT_CONVERSION = YES_AGGRESSIVE;
				CLANG_CXX_LANGUAGE_STANDARD = "gnu++20";
				CLANG_ENABLE_MODULES = YES;
				CLANG_ENABLE_OBJC_ARC = YES;
				CLANG_ENABLE_OBJC_WEAK = YES;
				CLANG_WARN_BLOCK_CAPTURE_AUTORELEASING = YES;
				CLANG_WARN_BOOL_CONVERSION = YES;
				CLANG_WARN_COMMA = YES;
				CLANG_WARN_CONSTANT_CONVERSION = YES;
				CLANG_WARN_DEPRECATED_OBJC_IMPLEMENTATIONS = YES;
				CLANG_WARN_DIRECT_OBJC_ISA_USAGE = YES_ERROR;
				CLANG_WARN_DOCUMENTATION_COMMENTS = YES;
				CLANG_WARN_EMPTY_BODY = YES;
				CLANG_WARN_ENUM_CONVERSION = YES;
				CLANG_WARN_INFINITE_RECURSION = YES;
				CLANG_WARN_INT_CONVERSION = YES;
				CLANG_WARN_NON_LITERAL_NULL_CONVERSION = YES;
				CLANG_WARN_OBJC_IMPLICIT_RETAIN_SELF = YES;
				CLANG_WARN_OBJC_LITERAL_CONVERSION = YES;
				CLANG_WARN_OBJC_ROOT_CLASS = YES_ERROR;
				CLANG_WARN_QUOTED_INCLUDE_IN_FRAMEWORK_HEADER = YES;
				CLANG_WARN_RANGE_LOOP_ANALYSIS = YES;
				CLANG_WARN_STRICT_PROTOTYPES = YES;
				CLANG_WARN_SUSPICIOUS_MOVE = YES;
				CLANG_WARN_UNGUARDED_AVAILABILITY = YES_AGGRESSIVE;
				CLANG_WARN_UNREACHABLE_CODE = YES;
				CLANG_WARN__DUPLICATE_METHOD_MATCH = YES;
				COPY_PHASE_STRIP = NO;
				DEBUG_INFORMATION_FORMAT = "dwarf-with-dsym";
				DEVELOPMENT_TEAM = UAGN3QDR9L;
				ENABLE_NS_ASSERTIONS = NO;
				ENABLE_STRICT_OBJC_MSGSEND = YES;
				ENABLE_USER_SCRIPT_SANDBOXING = YES;
				GCC_C_LANGUAGE_STANDARD = gnu17;
				GCC_NO_COMMON_BLOCKS = YES;
				GCC_WARN_64_TO_32_BIT_CONVERSION = YES;
				GCC_WARN_ABOUT_RETURN_TYPE = YES_ERROR;
				GCC_WARN_UNDECLARED_SELECTOR = YES;
				GCC_WARN_UNINITIALIZED_AUTOS = YES_AGGRESSIVE;
				GCC_WARN_UNUSED_FUNCTION = YES;
				GCC_WARN_UNUSED_VARIABLE = YES;
				LOCALIZATION_PREFERS_STRING_CATALOGS = YES;
				MACOSX_DEPLOYMENT_TARGET = 14.0;
				MTL_ENABLE_DEBUG_INFO = NO;
				MTL_FAST_MATH = YES;
				SDKROOT = macosx;
				SWIFT_COMPILATION_MODE = wholemodule;
			};
			name = Release;
		};
		D6568A7B2F6D939A00168990 /* Debug */ = {
			isa = XCBuildConfiguration;
			buildSettings = {
				ASSETCATALOG_COMPILER_APPICON_NAME = AppIcon;
				ASSETCATALOG_COMPILER_GLOBAL_ACCENT_COLOR_NAME = AccentColor;
				CODE_SIGN_STYLE = Automatic;
				COMBINE_HIDPI_IMAGES = YES;
				CURRENT_PROJECT_VERSION = 1;
				DEVELOPMENT_TEAM = UAGN3QDR9L;
				ENABLE_APP_SANDBOX = NO;
				ENABLE_HARDENED_RUNTIME = YES;
				ENABLE_PREVIEWS = YES;
				GENERATE_INFOPLIST_FILE = YES;
				INFOPLIST_FILE = Transcoda/Info.plist;
				INFOPLIST_KEY_NSDesktopFolderUsageDescription = "Transcoda needs access to encode video files.";
				INFOPLIST_KEY_NSDocumentsFolderUsageDescription = "Transcoda needs access to encode video files.";
				INFOPLIST_KEY_NSDownloadsFolderUsageDescription = "Transcoda needs access to encode video files.";
				INFOPLIST_KEY_NSHumanReadableCopyright = "";
				LD_RUNPATH_SEARCH_PATHS = (
					"$(inherited)",
					"@executable_path/../Frameworks",
				);
				MARKETING_VERSION = 1.0;
				PRODUCT_BUNDLE_IDENTIFIER = ianfallon.Transcoda;
				PRODUCT_NAME = "$(TARGET_NAME)";
				REGISTER_APP_GROUPS = YES;
				STRING_CATALOG_GENERATE_SYMBOLS = YES;
				SWIFT_APPROACHABLE_CONCURRENCY = YES;
				SWIFT_DEFAULT_ACTOR_ISOLATION = MainActor;
				SWIFT_EMIT_LOC_STRINGS = YES;
				SWIFT_UPCOMING_FEATURE_MEMBER_IMPORT_VISIBILITY = YES;
				SWIFT_VERSION = 5.0;
			};
			name = Debug;
		};
		D6568A7C2F6D939A00168990 /* Release */ = {
			isa = XCBuildConfiguration;
			buildSettings = {
				ASSETCATALOG_COMPILER_APPICON_NAME = AppIcon;
				ASSETCATALOG_COMPILER_GLOBAL_ACCENT_COLOR_NAME = AccentColor;
				CODE_SIGN_STYLE = Automatic;
				COMBINE_HIDPI_IMAGES = YES;
				CURRENT_PROJECT_VERSION = 1;
				DEVELOPMENT_TEAM = UAGN3QDR9L;
				ENABLE_APP_SANDBOX = NO;
				ENABLE_HARDENED_RUNTIME = YES;
				ENABLE_PREVIEWS = YES;
				GENERATE_INFOPLIST_FILE = YES;
				INFOPLIST_FILE = Transcoda/Info.plist;
				INFOPLIST_KEY_NSDesktopFolderUsageDescription = "Transcoda needs access to encode video files.";
				INFOPLIST_KEY_NSDocumentsFolderUsageDescription = "Transcoda needs access to encode video files.";
				INFOPLIST_KEY_NSDownloadsFolderUsageDescription = "Transcoda needs access to encode video files.";
				INFOPLIST_KEY_NSHumanReadableCopyright = "";
				LD_RUNPATH_SEARCH_PATHS = (
					"$(inherited)",
					"@executable_path/../Frameworks",
				);
				MARKETING_VERSION = 1.0;
				PRODUCT_BUNDLE_IDENTIFIER = ianfallon.Transcoda;
				PRODUCT_NAME = "$(TARGET_NAME)";
				REGISTER_APP_GROUPS = YES;
				STRING_CATALOG_GENERATE_SYMBOLS = YES;
				SWIFT_APPROACHABLE_CONCURRENCY = YES;
				SWIFT_DEFAULT_ACTOR_ISOLATION = MainActor;
				SWIFT_EMIT_LOC_STRINGS = YES;
				SWIFT_UPCOMING_FEATURE_MEMBER_IMPORT_VISIBILITY = YES;
				SWIFT_VERSION = 5.0;
			};
			name = Release;
		};
		D6568A7E2F6D939A00168990 /* Debug */ = {
			isa = XCBuildConfiguration;
			buildSettings = {
				BUNDLE_LOADER = "$(TEST_HOST)";
				CODE_SIGN_STYLE = Automatic;
				CURRENT_PROJECT_VERSION = 1;
				DEVELOPMENT_TEAM = UAGN3QDR9L;
				GENERATE_INFOPLIST_FILE = YES;
				MACOSX_DEPLOYMENT_TARGET = 14.0;
				MARKETING_VERSION = 1.0;
				PRODUCT_BUNDLE_IDENTIFIER = ianfallon.TranscodaTests;
				PRODUCT_NAME = "$(TARGET_NAME)";
				STRING_CATALOG_GENERATE_SYMBOLS = NO;
				SWIFT_APPROACHABLE_CONCURRENCY = YES;
				SWIFT_EMIT_LOC_STRINGS = NO;
				SWIFT_UPCOMING_FEATURE_MEMBER_IMPORT_VISIBILITY = YES;
				SWIFT_VERSION = 5.0;
				TEST_HOST = "$(BUILT_PRODUCTS_DIR)/Transcoda.app/$(BUNDLE_EXECUTABLE_FOLDER_PATH)/Transcoda";
			};
			name = Debug;
		};
		D6568A7F2F6D939A00168990 /* Release */ = {
			isa = XCBuildConfiguration;
			buildSettings = {
				BUNDLE_LOADER = "$(TEST_HOST)";
				CODE_SIGN_STYLE = Automatic;
				CURRENT_PROJECT_VERSION = 1;
				DEVELOPMENT_TEAM = UAGN3QDR9L;
				GENERATE_INFOPLIST_FILE = YES;
				MACOSX_DEPLOYMENT_TARGET = 14.0;
				MARKETING_VERSION = 1.0;
				PRODUCT_BUNDLE_IDENTIFIER = ianfallon.TranscodaTests;
				PRODUCT_NAME = "$(TARGET_NAME)";
				STRING_CATALOG_GENERATE_SYMBOLS = NO;
				SWIFT_APPROACHABLE_CONCURRENCY = YES;
				SWIFT_EMIT_LOC_STRINGS = NO;
				SWIFT_UPCOMING_FEATURE_MEMBER_IMPORT_VISIBILITY = YES;
				SWIFT_VERSION = 5.0;
				TEST_HOST = "$(BUILT_PRODUCTS_DIR)/Transcoda.app/$(BUNDLE_EXECUTABLE_FOLDER_PATH)/Transcoda";
			};
			name = Release;
		};
		D6568A812F6D939A00168990 /* Debug */ = {
			isa = XCBuildConfiguration;
			buildSettings = {
				CODE_SIGN_STYLE = Automatic;
				CURRENT_PROJECT_VERSION = 1;
				DEVELOPMENT_TEAM = UAGN3QDR9L;
				GENERATE_INFOPLIST_FILE = YES;
				MARKETING_VERSION = 1.0;
				PRODUCT_BUNDLE_IDENTIFIER = ianfallon.TranscodaUITests;
				PRODUCT_NAME = "$(TARGET_NAME)";
				STRING_CATALOG_GENERATE_SYMBOLS = NO;
				SWIFT_APPROACHABLE_CONCURRENCY = YES;
				SWIFT_EMIT_LOC_STRINGS = NO;
				SWIFT_UPCOMING_FEATURE_MEMBER_IMPORT_VISIBILITY = YES;
				SWIFT_VERSION = 5.0;
				TEST_TARGET_NAME = Transcoda;
			};
			name = Debug;
		};
		D6568A822F6D939A00168990 /* Release */ = {
			isa = XCBuildConfiguration;
			buildSettings = {
				CODE_SIGN_STYLE = Automatic;
				CURRENT_PROJECT_VERSION = 1;
				DEVELOPMENT_TEAM = UAGN3QDR9L;
				GENERATE_INFOPLIST_FILE = YES;
				MARKETING_VERSION = 1.0;
				PRODUCT_BUNDLE_IDENTIFIER = ianfallon.TranscodaUITests;
				PRODUCT_NAME = "$(TARGET_NAME)";
				STRING_CATALOG_GENERATE_SYMBOLS = NO;
				SWIFT_APPROACHABLE_CONCURRENCY = YES;
				SWIFT_EMIT_LOC_STRINGS = NO;
				SWIFT_UPCOMING_FEATURE_MEMBER_IMPORT_VISIBILITY = YES;
				SWIFT_VERSION = 5.0;
				TEST_TARGET_NAME = Transcoda;
			};
			name = Release;
		};
/* End XCBuildConfiguration section */

/* Begin XCConfigurationList section */
		D6568A522F6D939800168990 /* Build configuration list for PBXProject "Transcoda" */ = {
			isa = XCConfigurationList;
			buildConfigurations = (
				D6568A782F6D939A00168990 /* Debug */,
				D6568A792F6D939A00168990 /* Release */,
			);
			defaultConfigurationIsVisible = 0;
			defaultConfigurationName = Release;
		};
		D6568A7A2F6D939A00168990 /* Build configuration list for PBXNativeTarget "Transcoda" */ = {
			isa = XCConfigurationList;
			buildConfigurations = (
				D6568A7B2F6D939A00168990 /* Debug */,
				D6568A7C2F6D939A00168990 /* Release */,
			);
			defaultConfigurationIsVisible = 0;
			defaultConfigurationName = Release;
		};
		D6568A7D2F6D939A00168990 /* Build configuration list for PBXNativeTarget "TranscodaTests" */ = {
			isa = XCConfigurationList;
			buildConfigurations = (
				D6568A7E2F6D939A00168990 /* Debug */,
				D6568A7F2F6D939A00168990 /* Release */,
			);
			defaultConfigurationIsVisible = 0;
			defaultConfigurationName = Release;
		};
		D6568A802F6D939A00168990 /* Build configuration list for PBXNativeTarget "TranscodaUITests" */ = {
			isa = XCConfigurationList;
			buildConfigurations = (
				D6568A812F6D939A00168990 /* Debug */,
				D6568A822F6D939A00168990 /* Release */,
			);
			defaultConfigurationIsVisible = 0;
			defaultConfigurationName = Release;
		};
/* End XCConfigurationList section */
	};
	rootObject = D6568A4F2F6D939800168990 /* Project object */;
}
